
Microsoft Visual Studio Solution File, Format Version 12.00
# Visual Studio Version 17
VisualStudioVersion = 17.14.36429.23 d17.14
MinimumVisualStudioVersion = 10.0.40219.1
Project("{C9674DCB-5085-4A16-B785-4C70DD1589BD}") = "product-mix-and-clustering", "product-mix-and-clustering\product-mix-and-clustering.dtproj", "{9129D65C-CAC8-6D3E-9452-91F4E228AAA1}"
EndProject
Global
	GlobalSection(SolutionConfigurationPlatforms) = preSolution
		Development|Default = Development|Default
	EndGlobalSection
	GlobalSection(ProjectConfigurationPlatforms) = postSolution
		{9129D65C-CAC8-6D3E-9452-91F4E228AAA1}.Development|Default.ActiveCfg = Development
		{9129D65C-CAC8-6D3E-9452-91F4E228AAA1}.Development|Default.Build.0 = Development
	EndGlobalSection
	GlobalSection(SolutionProperties) = preSolution
		HideSolutionNode = FALSE
	EndGlobalSection
	GlobalSection(ExtensibilityGlobals) = postSolution
		SolutionGuid = {A06EE9D6-7ABB-4049-B60F-84A90887C7D3}
	EndGlobalSection
EndGlobal
